
Microsoft Visual Studio Solution File, Format Version 12.00
# Visual Studio Version 17
VisualStudioVersion = 17.0.31903.59
MinimumVisualStudioVersion = 10.0.40219.1
Project("{2150E333-8FDC-42A3-9474-1A3956D46DE8}") = "Services", "Services", "{243B959C-2B7A-46E9-8B48-8728EA58CAF5}"
EndProject
Project("{2150E333-8FDC-42A3-9474-1A3956D46DE8}") = "Catalog", "Catalog", "{D7A64A06-EE4F-4DB1-B860-5B7384EBD9BE}"
EndProject
Project("{9A19103F-16F7-4668-BE54-9A1E7A4F7556}") = "Catalog.Api", "Services\Catalog\Catalog.Api\Catalog.Api.csproj", "{6D60D013-4685-446A-AECD-C4447FA026D1}"
EndProject
Project("{E53339B2-1760-4266-BCC7-CA923CBCF16C}") = "docker-compose", "docker-compose.dcproj", "{B6BDF5C9-1E05-4DDE-92B1-EB0FDC7F8008}"
EndProject
Project("{2150E333-8FDC-42A3-9474-1A3956D46DE8}") = "Basket", "Basket", "{77D89CA0-E97A-495D-8355-42EA3489D464}"
EndProject
Project("{9A19103F-16F7-4668-BE54-9A1E7A4F7556}") = "Basket.API", "Services\Basket\Basket.API\Basket.API.csproj", "{4CBE4B85-1359-4DED-A783-DE10CC53C9BA}"
EndProject
Project("{2150E333-8FDC-42A3-9474-1A3956D46DE8}") = "Discount", "Discount", "{A5FF3114-48CD-4350-AC03-DE128B374680}"
EndProject
Project("{9A19103F-16F7-4668-BE54-9A1E7A4F7556}") = "Discount.API", "Services\Discount\Discount.API\Discount.API.csproj", "{4437DCA4-8B93-499C-886A-344E6D6097E0}"
EndProject
Project("{9A19103F-16F7-4668-BE54-9A1E7A4F7556}") = "Discount.Grpc", "Services\Discount\Discount.Grpc\Discount.Grpc.csproj", "{1FD53403-2D0B-4D86-9EDF-C81B992D3554}"
EndProject
Project("{2150E333-8FDC-42A3-9474-1A3956D46DE8}") = "Ordering", "Ordering", "{5F4AF4AF-ADB0-4920-9A27-167A7478DBCB}"
EndProject
Project("{FAE04EC0-301F-11D3-BF4B-00C04F79EFBC}") = "Ordering.API", "Services\Ordering\Ordering.API\Ordering.API.csproj", "{1FD6F6E3-89F5-4CB2-BFF5-8F26AC6A012D}"
EndProject
Project("{FAE04EC0-301F-11D3-BF4B-00C04F79EFBC}") = "Ordering.Domain", "Services\Ordering\Ordering.Domain\Ordering.Domain.csproj", "{603E5A82-E2FE-4C78-AD76-70762E84C309}"
EndProject
Project("{FAE04EC0-301F-11D3-BF4B-00C04F79EFBC}") = "Ordering.Infrastructure", "Services\Ordering\Ordering.Infrastructure\Ordering.Infrastructure.csproj", "{27BC740E-1358-4ACE-9FB4-67D533B005E1}"
EndProject
Project("{FAE04EC0-301F-11D3-BF4B-00C04F79EFBC}") = "Ordering.Application", "Services\Ordering\Ordering.Application\Ordering.Application.csproj", "{5D7AFDA0-92F2-4BD9-9359-460ED3B8EA6E}"
EndProject
Global
	GlobalSection(SolutionConfigurationPlatforms) = preSolution
		Debug|Any CPU = Debug|Any CPU
		Release|Any CPU = Release|Any CPU
	EndGlobalSection
	GlobalSection(ProjectConfigurationPlatforms) = postSolution
		{6D60D013-4685-446A-AECD-C4447FA026D1}.Debug|Any CPU.ActiveCfg = Debug|Any CPU
		{6D60D013-4685-446A-AECD-C4447FA026D1}.Debug|Any CPU.Build.0 = Debug|Any CPU
		{6D60D013-4685-446A-AECD-C4447FA026D1}.Release|Any CPU.ActiveCfg = Release|Any CPU
		{6D60D013-4685-446A-AECD-C4447FA026D1}.Release|Any CPU.Build.0 = Release|Any CPU
		{B6BDF5C9-1E05-4DDE-92B1-EB0FDC7F8008}.Debug|Any CPU.ActiveCfg = Debug|Any CPU
		{B6BDF5C9-1E05-4DDE-92B1-EB0FDC7F8008}.Debug|Any CPU.Build.0 = Debug|Any CPU
		{B6BDF5C9-1E05-4DDE-92B1-EB0FDC7F8008}.Release|Any CPU.ActiveCfg = Release|Any CPU
		{B6BDF5C9-1E05-4DDE-92B1-EB0FDC7F8008}.Release|Any CPU.Build.0 = Release|Any CPU
		{4CBE4B85-1359-4DED-A783-DE10CC53C9BA}.Debug|Any CPU.ActiveCfg = Debug|Any CPU
		{4CBE4B85-1359-4DED-A783-DE10CC53C9BA}.Debug|Any CPU.Build.0 = Debug|Any CPU
		{4CBE4B85-1359-4DED-A783-DE10CC53C9BA}.Release|Any CPU.ActiveCfg = Release|Any CPU
		{4CBE4B85-1359-4DED-A783-DE10CC53C9BA}.Release|Any CPU.Build.0 = Release|Any CPU
		{4437DCA4-8B93-499C-886A-344E6D6097E0}.Debug|Any CPU.ActiveCfg = Debug|Any CPU
		{4437DCA4-8B93-499C-886A-344E6D6097E0}.Debug|Any CPU.Build.0 = Debug|Any CPU
		{4437DCA4-8B93-499C-886A-344E6D6097E0}.Release|Any CPU.ActiveCfg = Release|Any CPU
		{4437DCA4-8B93-499C-886A-344E6D6097E0}.Release|Any CPU.Build.0 = Release|Any CPU
		{1FD53403-2D0B-4D86-9EDF-C81B992D3554}.Debug|Any CPU.ActiveCfg = Debug|Any CPU
		{1FD53403-2D0B-4D86-9EDF-C81B992D3554}.Debug|Any CPU.Build.0 = Debug|Any CPU
		{1FD53403-2D0B-4D86-9EDF-C81B992D3554}.Release|Any CPU.ActiveCfg = Release|Any CPU
		{1FD53403-2D0B-4D86-9EDF-C81B992D3554}.Release|Any CPU.Build.0 = Release|Any CPU
		{1FD6F6E3-89F5-4CB2-BFF5-8F26AC6A012D}.Debug|Any CPU.ActiveCfg = Debug|Any CPU
		{1FD6F6E3-89F5-4CB2-BFF5-8F26AC6A012D}.Debug|Any CPU.Build.0 = Debug|Any CPU
		{1FD6F6E3-89F5-4CB2-BFF5-8F26AC6A012D}.Release|Any CPU.ActiveCfg = Release|Any CPU
		{1FD6F6E3-89F5-4CB2-BFF5-8F26AC6A012D}.Release|Any CPU.Build.0 = Release|Any CPU
		{603E5A82-E2FE-4C78-AD76-70762E84C309}.Debug|Any CPU.ActiveCfg = Debug|Any CPU
		{603E5A82-E2FE-4C78-AD76-70762E84C309}.Debug|Any CPU.Build.0 = Debug|Any CPU
		{603E5A82-E2FE-4C78-AD76-70762E84C309}.Release|Any CPU.ActiveCfg = Release|Any CPU
		{603E5A82-E2FE-4C78-AD76-70762E84C309}.Release|Any CPU.Build.0 = Release|Any CPU
		{27BC740E-1358-4ACE-9FB4-67D533B005E1}.Debug|Any CPU.ActiveCfg = Debug|Any CPU
		{27BC740E-1358-4ACE-9FB4-67D533B005E1}.Debug|Any CPU.Build.0 = Debug|Any CPU
		{27BC740E-1358-4ACE-9FB4-67D533B005E1}.Release|Any CPU.ActiveCfg = Release|Any CPU
		{27BC740E-1358-4ACE-9FB4-67D533B005E1}.Release|Any CPU.Build.0 = Release|Any CPU
		{5D7AFDA0-92F2-4BD9-9359-460ED3B8EA6E}.Debug|Any CPU.ActiveCfg = Debug|Any CPU
		{5D7AFDA0-92F2-4BD9-9359-460ED3B8EA6E}.Debug|Any CPU.Build.0 = Debug|Any CPU
		{5D7AFDA0-92F2-4BD9-9359-460ED3B8EA6E}.Release|Any CPU.ActiveCfg = Release|Any CPU
		{5D7AFDA0-92F2-4BD9-9359-460ED3B8EA6E}.Release|Any CPU.Build.0 = Release|Any CPU
	EndGlobalSection
	GlobalSection(SolutionProperties) = preSolution
		HideSolutionNode = FALSE
	EndGlobalSection
	GlobalSection(NestedProjects) = preSolution
		{D7A64A06-EE4F-4DB1-B860-5B7384EBD9BE} = {243B959C-2B7A-46E9-8B48-8728EA58CAF5}
		{6D60D013-4685-446A-AECD-C4447FA026D1} = {D7A64A06-EE4F-4DB1-B860-5B7384EBD9BE}
		{77D89CA0-E97A-495D-8355-42EA3489D464} = {243B959C-2B7A-46E9-8B48-8728EA58CAF5}
		{4CBE4B85-1359-4DED-A783-DE10CC53C9BA} = {77D89CA0-E97A-495D-8355-42EA3489D464}
		{A5FF3114-48CD-4350-AC03-DE128B374680} = {243B959C-2B7A-46E9-8B48-8728EA58CAF5}
		{4437DCA4-8B93-499C-886A-344E6D6097E0} = {A5FF3114-48CD-4350-AC03-DE128B374680}
		{1FD53403-2D0B-4D86-9EDF-C81B992D3554} = {A5FF3114-48CD-4350-AC03-DE128B374680}
		{5F4AF4AF-ADB0-4920-9A27-167A7478DBCB} = {243B959C-2B7A-46E9-8B48-8728EA58CAF5}
		{1FD6F6E3-89F5-4CB2-BFF5-8F26AC6A012D} = {5F4AF4AF-ADB0-4920-9A27-167A7478DBCB}
		{603E5A82-E2FE-4C78-AD76-70762E84C309} = {5F4AF4AF-ADB0-4920-9A27-167A7478DBCB}
		{27BC740E-1358-4ACE-9FB4-67D533B005E1} = {5F4AF4AF-ADB0-4920-9A27-167A7478DBCB}
		{5D7AFDA0-92F2-4BD9-9359-460ED3B8EA6E} = {5F4AF4AF-ADB0-4920-9A27-167A7478DBCB}
	EndGlobalSection
	GlobalSection(ExtensibilityGlobals) = postSolution
		SolutionGuid = {3F8FBAF5-B56A-48CB-BD6B-DB2BCC76B1EF}
	EndGlobalSection
EndGlobal
